
Microsoft Visual Studio Solution File, Format Version 12.00
Project("{FAE04EC0-301F-11D3-BF4B-00C04F79EFBC}") = "Catansy.API", "Catansy.API.csproj", "{46A64A42-6525-4FCB-975B-6A98644DC327}"
EndProject
Global
	GlobalSection(SolutionConfigurationPlatforms) = preSolution
		Debug|Any CPU = Debug|Any CPU
		Release|Any CPU = Release|Any CPU
	EndGlobalSection
	GlobalSection(ProjectConfigurationPlatforms) = postSolution
		{46A64A42-6525-4FCB-975B-6A98644DC327}.Debug|Any CPU.ActiveCfg = Debug|Any CPU
		{46A64A42-6525-4FCB-975B-6A98644DC327}.Debug|Any CPU.Build.0 = Debug|Any CPU
		{46A64A42-6525-4FCB-975B-6A98644DC327}.Release|Any CPU.ActiveCfg = Release|Any CPU
		{46A64A42-6525-4FCB-975B-6A98644DC327}.Release|Any CPU.Build.0 = Release|Any CPU
	EndGlobalSection
EndGlobal
