
Microsoft Visual Studio Solution File, Format Version 12.00
# Visual Studio Version 17
VisualStudioVersion = 17.10.34928.147
MinimumVisualStudioVersion = 10.0.40219.1
Project("{FAE04EC0-301F-11D3-BF4B-00C04F79EFBC}") = "CatansyAPI", "CatansyAPI.csproj", "{D7C14769-502F-4992-AD7B-A5CD12C57F22}"
EndProject
Global
	GlobalSection(SolutionConfigurationPlatforms) = preSolution
		Debug|Any CPU = Debug|Any CPU
		Release|Any CPU = Release|Any CPU
	EndGlobalSection
	GlobalSection(ProjectConfigurationPlatforms) = postSolution
		{D7C14769-502F-4992-AD7B-A5CD12C57F22}.Debug|Any CPU.ActiveCfg = Debug|Any CPU
		{D7C14769-502F-4992-AD7B-A5CD12C57F22}.Debug|Any CPU.Build.0 = Debug|Any CPU
		{D7C14769-502F-4992-AD7B-A5CD12C57F22}.Release|Any CPU.ActiveCfg = Release|Any CPU
		{D7C14769-502F-4992-AD7B-A5CD12C57F22}.Release|Any CPU.Build.0 = Release|Any CPU
	EndGlobalSection
	GlobalSection(SolutionProperties) = preSolution
		HideSolutionNode = FALSE
	EndGlobalSection
	GlobalSection(ExtensibilityGlobals) = postSolution
		SolutionGuid = {47F9DDAD-0558-4614-AEC5-694A47BF186C}
	EndGlobalSection
EndGlobal
